
Microsoft Visual Studio Solution File, Format Version 12.00
Project("{FAE04EC0-301F-11D3-BF4B-00C04F79EFBC}") = "KeyVaultExtractor.CLI", "KeyVaultExtractor.CLI\KeyVaultExtractor.CLI.csproj", "{BE6C8CA2-C86A-4A92-9E9E-961B3337BA5D}"
EndProject
Global
	GlobalSection(SolutionConfigurationPlatforms) = preSolution
		Debug|Any CPU = Debug|Any CPU
		Release|Any CPU = Release|Any CPU
	EndGlobalSection
	GlobalSection(ProjectConfigurationPlatforms) = postSolution
		{BE6C8CA2-C86A-4A92-9E9E-961B3337BA5D}.Debug|Any CPU.ActiveCfg = Debug|Any CPU
		{BE6C8CA2-C86A-4A92-9E9E-961B3337BA5D}.Debug|Any CPU.Build.0 = Debug|Any CPU
		{BE6C8CA2-C86A-4A92-9E9E-961B3337BA5D}.Release|Any CPU.ActiveCfg = Release|Any CPU
		{BE6C8CA2-C86A-4A92-9E9E-961B3337BA5D}.Release|Any CPU.Build.0 = Release|Any CPU
	EndGlobalSection
EndGlobal
